
Microsoft Visual Studio Solution File, Format Version 12.00
# Visual Studio Version 17
VisualStudioVersion = 17.11.35222.181
MinimumVisualStudioVersion = 10.0.40219.1
Project("{FAE04EC0-301F-11D3-BF4B-00C04F79EFBC}") = "Sinhvien.GUI", "Buoi6\Sinhvien.GUI.csproj", "{DE615704-E3E4-4042-8519-3DBECA72BE8E}"
EndProject
Project("{FAE04EC0-301F-11D3-BF4B-00C04F79EFBC}") = "Sinhvien.BUS", "Sinhvien.BUS\Sinhvien.BUS\Sinhvien.BUS.csproj", "{0F5B2B4C-693D-443B-87D8-4E7E34BA0F15}"
EndProject
Project("{FAE04EC0-301F-11D3-BF4B-00C04F79EFBC}") = "Sinhvien.DAL", "Sinhvien.DAL\Sinhvien.DAL.csproj", "{934326DD-75B7-4A4E-A49B-F57D286EEF8C}"
EndProject
Global
	GlobalSection(SolutionConfigurationPlatforms) = preSolution
		Debug|Any CPU = Debug|Any CPU
		Release|Any CPU = Release|Any CPU
	EndGlobalSection
	GlobalSection(ProjectConfigurationPlatforms) = postSolution
		{DE615704-E3E4-4042-8519-3DBECA72BE8E}.Debug|Any CPU.ActiveCfg = Debug|Any CPU
		{DE615704-E3E4-4042-8519-3DBECA72BE8E}.Debug|Any CPU.Build.0 = Debug|Any CPU
		{DE615704-E3E4-4042-8519-3DBECA72BE8E}.Release|Any CPU.ActiveCfg = Release|Any CPU
		{DE615704-E3E4-4042-8519-3DBECA72BE8E}.Release|Any CPU.Build.0 = Release|Any CPU
		{0F5B2B4C-693D-443B-87D8-4E7E34BA0F15}.Debug|Any CPU.ActiveCfg = Debug|Any CPU
		{0F5B2B4C-693D-443B-87D8-4E7E34BA0F15}.Debug|Any CPU.Build.0 = Debug|Any CPU
		{0F5B2B4C-693D-443B-87D8-4E7E34BA0F15}.Release|Any CPU.ActiveCfg = Release|Any CPU
		{0F5B2B4C-693D-443B-87D8-4E7E34BA0F15}.Release|Any CPU.Build.0 = Release|Any CPU
		{934326DD-75B7-4A4E-A49B-F57D286EEF8C}.Debug|Any CPU.ActiveCfg = Debug|Any CPU
		{934326DD-75B7-4A4E-A49B-F57D286EEF8C}.Debug|Any CPU.Build.0 = Debug|Any CPU
		{934326DD-75B7-4A4E-A49B-F57D286EEF8C}.Release|Any CPU.ActiveCfg = Release|Any CPU
		{934326DD-75B7-4A4E-A49B-F57D286EEF8C}.Release|Any CPU.Build.0 = Release|Any CPU
	EndGlobalSection
	GlobalSection(SolutionProperties) = preSolution
		HideSolutionNode = FALSE
	EndGlobalSection
	GlobalSection(ExtensibilityGlobals) = postSolution
		SolutionGuid = {A427323C-606B-4FF7-BEFB-995BB6A72740}
	EndGlobalSection
EndGlobal
